
Microsoft Visual Studio Solution File, Format Version 12.00
# Visual Studio Version 17
VisualStudioVersion = 17.5.002.0
MinimumVisualStudioVersion = 10.0.40219.1
Project("{9A19103F-16F7-4668-BE54-9A1E7A4F7556}") = "exercise1", "exercise1.csproj", "{B0F26615-445E-4B61-B7B8-ECA266AEA45C}"
EndProject
Global
	GlobalSection(SolutionConfigurationPlatforms) = preSolution
		Debug|Any CPU = Debug|Any CPU
		Release|Any CPU = Release|Any CPU
	EndGlobalSection
	GlobalSection(ProjectConfigurationPlatforms) = postSolution
		{B0F26615-445E-4B61-B7B8-ECA266AEA45C}.Debug|Any CPU.ActiveCfg = Debug|Any CPU
		{B0F26615-445E-4B61-B7B8-ECA266AEA45C}.Debug|Any CPU.Build.0 = Debug|Any CPU
		{B0F26615-445E-4B61-B7B8-ECA266AEA45C}.Release|Any CPU.ActiveCfg = Release|Any CPU
		{B0F26615-445E-4B61-B7B8-ECA266AEA45C}.Release|Any CPU.Build.0 = Release|Any CPU
	EndGlobalSection
	GlobalSection(SolutionProperties) = preSolution
		HideSolutionNode = FALSE
	EndGlobalSection
	GlobalSection(ExtensibilityGlobals) = postSolution
		SolutionGuid = {AC83E01F-C184-4651-A549-A66AE400544F}
	EndGlobalSection
EndGlobal
